
Microsoft Visual Studio Solution File, Format Version 12.00
# Visual Studio 15
VisualStudioVersion = 15.0.26430.13
MinimumVisualStudioVersion = 10.0.40219.1
Project("{2150E333-8FDC-42A3-9474-1A3956D46DE8}") = "Shared", "Shared", "{52888D80-BD55-4A52-9B1A-35E6D09D24DA}"
EndProject
Project("{9A19103F-16F7-4668-BE54-9A1E7A4F7556}") = "Common", "Common\Common.csproj", "{96734B09-29F6-478F-975B-81A8A700775D}"
EndProject
Project("{9A19103F-16F7-4668-BE54-9A1E7A4F7556}") = "VILab.API", "VILab.API\VILab.API.csproj", "{15A70F3A-21E3-4952-B2AF-F9201BCA85B2}"
EndProject
Project("{9A19103F-16F7-4668-BE54-9A1E7A4F7556}") = "DbModel", "DbModel\DbModel.csproj", "{752DC299-7709-4E31-8808-4E82EA45FA3D}"
EndProject
Project("{FAE04EC0-301F-11D3-BF4B-00C04F79EFBC}") = "ViLabWebClient", "ViLabWebClient\ViLabWebClient.csproj", "{F3B1C081-454E-4397-B635-070F3CFEFA6C}"
EndProject
Global
	GlobalSection(SolutionConfigurationPlatforms) = preSolution
		Debug|Any CPU = Debug|Any CPU
		Release|Any CPU = Release|Any CPU
	EndGlobalSection
	GlobalSection(ProjectConfigurationPlatforms) = postSolution
		{96734B09-29F6-478F-975B-81A8A700775D}.Debug|Any CPU.ActiveCfg = Debug|Any CPU
		{96734B09-29F6-478F-975B-81A8A700775D}.Debug|Any CPU.Build.0 = Debug|Any CPU
		{96734B09-29F6-478F-975B-81A8A700775D}.Release|Any CPU.ActiveCfg = Release|Any CPU
		{96734B09-29F6-478F-975B-81A8A700775D}.Release|Any CPU.Build.0 = Release|Any CPU
		{15A70F3A-21E3-4952-B2AF-F9201BCA85B2}.Debug|Any CPU.ActiveCfg = Debug|Any CPU
		{15A70F3A-21E3-4952-B2AF-F9201BCA85B2}.Debug|Any CPU.Build.0 = Debug|Any CPU
		{15A70F3A-21E3-4952-B2AF-F9201BCA85B2}.Release|Any CPU.ActiveCfg = Release|Any CPU
		{15A70F3A-21E3-4952-B2AF-F9201BCA85B2}.Release|Any CPU.Build.0 = Release|Any CPU
		{752DC299-7709-4E31-8808-4E82EA45FA3D}.Debug|Any CPU.ActiveCfg = Debug|Any CPU
		{752DC299-7709-4E31-8808-4E82EA45FA3D}.Debug|Any CPU.Build.0 = Debug|Any CPU
		{752DC299-7709-4E31-8808-4E82EA45FA3D}.Release|Any CPU.ActiveCfg = Release|Any CPU
		{752DC299-7709-4E31-8808-4E82EA45FA3D}.Release|Any CPU.Build.0 = Release|Any CPU
		{F3B1C081-454E-4397-B635-070F3CFEFA6C}.Debug|Any CPU.ActiveCfg = Debug|Any CPU
		{F3B1C081-454E-4397-B635-070F3CFEFA6C}.Debug|Any CPU.Build.0 = Debug|Any CPU
		{F3B1C081-454E-4397-B635-070F3CFEFA6C}.Release|Any CPU.ActiveCfg = Release|Any CPU
		{F3B1C081-454E-4397-B635-070F3CFEFA6C}.Release|Any CPU.Build.0 = Release|Any CPU
	EndGlobalSection
	GlobalSection(SolutionProperties) = preSolution
		HideSolutionNode = FALSE
	EndGlobalSection
	GlobalSection(NestedProjects) = preSolution
		{96734B09-29F6-478F-975B-81A8A700775D} = {52888D80-BD55-4A52-9B1A-35E6D09D24DA}
		{752DC299-7709-4E31-8808-4E82EA45FA3D} = {52888D80-BD55-4A52-9B1A-35E6D09D24DA}
	EndGlobalSection
EndGlobal
